codeberg.org/vula/highctidh v1.0.2024052900 h1:cnJsUGj+ryIWTLsWR2xgs2ZvYKriUW9zF7aYDnWwBKM=
codeberg.org/vula/highctidh v1.0.2024052900/go.mod h1:admvznk7GhsrDih/BMy7jbIv9Y86U9vj7S5FVoquF/g=
filippo.io/edwards25519 v1.0.0 h1:0wAIcmJUqRdI8IJ/3eGi5/HwXZWPujYXXlkrQogz0Ek=
filippo.io/edwards25519 v1.0.0/go.mod h1:N1IkdkCkiLB6tki+MYJoSx2JTY9NUlxZE7eHn5EwJns=
filippo.io/mlkem768 v0.0.0-20240221181710-5ce91625fdc1 h1:xbdqh5aDZeO0XqW896qVjKnAqRji9nkIwmsBEEbCA10=
filippo.io/mlkem768 v0.0.0-20240221181710-5ce91625fdc1/go.mod h1:mIEHrcJ2xBlJRQwnRO0ujmZ+Rt6m6eNeCPq8E3Wkths=
github.com/0KnowledgeNetwork/appchain-agent/clients/go v0.0.0-20240914010045-aa4ab8a6b16d h1:PcT0WzPSYkfEcmmVCvUYgwltsUUSGxlqb4RgCrUam3Q=
github.com/0KnowledgeNetwork/appchain-agent/clients/go v0.0.0-20240914010045-aa4ab8a6b16d/go.mod h1:eIWajCgykQridmnU4bZh7kxWPXcPER80bvKoQABrASA=
github.com/BurntSushi/toml v1.3.2 h1:o7IhLm0Msx3BaB+n3Ag7L8EVlByGnpq14C4YWiu/gL8=
github.com/BurntSushi/toml v1.3.2/go.mod h1:CxXYINrC8qIiEnFrOxCa7Jy5BFHlXnUU2pbicEuybxQ=
github.com/aymanbagabas/go-osc52/v2 v2.0.1 h1:HwpRHbFMcZLEVr42D4p7XBqjyuxQH5SMiErDT4WkJ2k=
github.com/aymanbagabas/go-osc52/v2 v2.0.1/go.mod h1:uYgXzlJ7ZpABp8OJ+exZzJJhRNQ2ASbcXHWsFqH8hp8=
github.com/carlmjohnson/versioninfo v0.22.5 h1:O00sjOLUAFxYQjlN/bzYTuZiS0y6fWDQjMRvwtKgwwc=
github.com/carlmjohnson/versioninfo v0.22.5/go.mod h1:QT9mph3wcVfISUKd0i9sZfVrPviHuSF+cUtLjm2WSf8=
github.com/charmbracelet/lipgloss v0.10.0 h1:KWeXFSexGcfahHX+54URiZGkBFazf70JNMtwg/AFW3s=
github.com/charmbracelet/lipgloss v0.10.0/go.mod h1:Wig9DSfvANsxqkRsqj6x87irdy123SR4dOXlKa91ciE=
github.com/charmbracelet/log v0.4.0 h1:G9bQAcx8rWA2T3pWvx7YtPTPwgqpk7D68BX21IRW8ZM=
github.com/charmbracelet/log v0.4.0/go.mod h1:63bXt/djrizTec0l11H20t8FDSvA4CRZJ1KH22MdptM=
github.com/cloudflare/circl v1.3.7 h1:qlCDlTPz2n9fu58M0Nh1J/JzcFpfgkFHHX3O35r5vcU=
github.com/cloudflare/circl v1.3.7/go.mod h1:sRTcRWXGLrKw6yIGJ+l7amYJFfAXbZG0kBSc8r4zxgA=
github.com/davecgh/go-spew v1.1.0/go.mod h1:J7Y8YcW2NihsgmVo/mv3lAwl/skON4iLHjSsI+c5H38=
github.com/davecgh/go-spew v1.1.1 h1:vj9j/u1bqnvCEfJOwUhtlOARqs3+rkHYY13jYWTU97c=
github.com/davecgh/go-spew v1.1.1/go.mod h1:J7Y8YcW2NihsgmVo/mv3lAwl/skON4iLHjSsI+c5H38=
github.com/fxamacker/cbor/v2 v2.6.0 h1:sU6J2usfADwWlYDAFhZBQ6TnLFBHxgesMrQfQgk1tWA=
github.com/fxamacker/cbor/v2 v2.6.0/go.mod h1:pxXPTn3joSm21Gbwsv0w9OSA2y1HFR9qXEeXQVeNoDQ=
github.com/go-faster/xor v1.0.0 h1:2o8vTOgErSGHP3/7XwA5ib1FTtUsNtwCoLLBjl31X38=
github.com/go-faster/xor v1.0.0/go.mod h1:x5CaDY9UKErKzqfRfFZdfu+OSTfoZny3w5Ak7UxcipQ=
github.com/go-logfmt/logfmt v0.6.0 h1:wGYYu3uicYdqXVgoYbvnkrPVXkuLM1p1ifugDMEdRi4=
github.com/go-logfmt/logfmt v0.6.0/go.mod h1:WYhtIu8zTZfxdn5+rREduYbwxfcBr/Vr6KEVveWlfTs=
github.com/henrydcase/nobs v0.0.0-20230313231516-25b66236df73 h1:d3rq/Tz+RJ5h1xk6Lt3jbObJN3WhvZm7rV41OCIzUyI=
github.com/henrydcase/nobs v0.0.0-20230313231516-25b66236df73/go.mod h1:ptK2MJqVLVEa/V/oK8n+MEyUDCSjSylW+jeNmCG1DJo=
github.com/katzenpost/chacha20 v0.0.0-20190910113340-7ce890d6a556 h1:9gHByAWH1LydGefFGorN1ZBRZ/Oz9iozdzMvRTWpyRw=
github.com/katzenpost/chacha20 v0.0.0-20190910113340-7ce890d6a556/go.mod h1:d9kxwmGOcutgP6bQwr2xaLInaW5yJsxsoPRyUIG0J/E=
github.com/katzenpost/circl v1.3.9-0.20240222183521-1cd9a34e9a0c h1:FYy03rLIjdyjklBOI6YSCb3q7OubTx0dVDWYOgDsvA8=
github.com/katzenpost/circl v1.3.9-0.20240222183521-1cd9a34e9a0c/go.mod h1:+EBrwiGYs9S+qZqaqxujN1CReTNCMAG6p+31KkEDeeA=
github.com/katzenpost/hpqc v0.0.35 h1:5o6KC2lCG2t7QUOpLloQn4sdSEZ8CH8HdWrdRw5LrLI=
github.com/katzenpost/hpqc v0.0.35/go.mod h1:QxsoI3+qXXmDAzAy7FkPZtVAUR4/KiG2bkdt+/9t42Y=
github.com/katzenpost/katzenpost v0.0.35 h1:LnggbU7p/Gc3asaGjT4cIKYrjiBXZMFkzrrni2BxjS4=
github.com/katzenpost/katzenpost v0.0.35/go.mod h1:LEnkfiCViuqdwSKBPF7N2iyLLoQjg14oFzo4eZqwXBI=
github.com/katzenpost/nyquist v0.0.10 h1:rh9TCEXCsutsg+cvbV6ASVFnzSAYBisWQ3fnwQSPa34=
github.com/katzenpost/nyquist v0.0.10/go.mod h1:tyK92JiCptgsaE0iUAMlt5W2v2Rdw6mnUpIdIidIGHo=
github.com/katzenpost/sntrup4591761 v0.0.0-20231024131303-8755eb1986b8 h1:TsKxH0x2RUwf5rBw67k15bqVM3oVbexA9oaTZQLIy3Y=
github.com/katzenpost/sntrup4591761 v0.0.0-20231024131303-8755eb1986b8/go.mod h1:Hmcrwom7jcEmGdo0CsyuJNnldPeyS+M07FuCbo7I8fw=
github.com/katzenpost/sphincsplus v0.0.2-0.20240114192234-1dc77b544e31 h1:fKGa/too1Br31gmoYmV2kE61gydj47Ed5K/g/CE+3Bs=
github.com/katzenpost/sphincsplus v0.0.2-0.20240114192234-1dc77b544e31/go.mod h1:VFrCPnmbxQLBi+qJfWHUqvpvTMZrYBMZEEy0AidY0nE=
github.com/lesismal/llib v1.1.13/go.mod h1:70tFXXe7P1FZ02AU9l8LgSOK7d7sRrpnkUr3rd3gKSg=
github.com/lesismal/nbio v1.5.9 h1:g/+/Bhuqn6ZuMT0YpVjLk+18zYzBhSEcIXQs8nqgyZg=
github.com/lesismal/nbio v1.5.9/go.mod h1:QsxE0fKFe1PioyjuHVDn2y8ktYK7xv9MFbpkoRFj8vI=
github.com/lucasb-eyer/go-colorful v1.2.0 h1:1nnpGOrhyZZuNyfu1QjKiUICQ74+3FNCN69Aj6K7nkY=
github.com/lucasb-eyer/go-colorful v1.2.0/go.mod h1:R4dSotOR9KMtayYi1e77YzuveK+i7ruzyGqttikkLy0=
github.com/mattn/go-isatty v0.0.18 h1:DOKFKCQ7FNG2L1rbrmstDN4QVRdS89Nkh85u68Uwp98=
github.com/mattn/go-isatty v0.0.18/go.mod h1:W+V8PltTTMOvKvAeJH7IuucS94S2C6jfK/D7dTCTo3Y=
github.com/mattn/go-pointer v0.0.1 h1:n+XhsuGeVO6MEAp7xyEukFINEa+Quek5psIR/ylA6o0=
github.com/mattn/go-pointer v0.0.1/go.mod h1:2zXcozF6qYGgmsG+SeTZz3oAbFLdD3OWqnUbNvJZAlc=
github.com/mattn/go-runewidth v0.0.12/go.mod h1:RAqKPSqVFrSLVXbA8x7dzmKdmGzieGRCM46jaSJTDAk=
github.com/mattn/go-runewidth v0.0.15 h1:UNAjwbU9l54TA3KzvqLGxwWjHmMgBUVhBiTjelZgg3U=
github.com/mattn/go-runewidth v0.0.15/go.mod h1:Jdepj2loyihRzMpdS35Xk/zdY8IAYHsh153qUoGf23w=
github.com/muesli/reflow v0.3.0 h1:IFsN6K9NfGtjeggFP+68I4chLZV2yIKsXJFNZ+eWh6s=
github.com/muesli/reflow v0.3.0/go.mod h1:pbwTDkVPibjO2kyvBQRBxTWEEGDGq0FlB1BIKtnHY/8=
github.com/muesli/termenv v0.15.2 h1:GohcuySI0QmI3wN8Ok9PtKGkgkFIk7y6Vpb5PvrY+Wo=
github.com/muesli/termenv v0.15.2/go.mod h1:Epx+iuz8sNs7mNKhxzH4fWXGNpZwUaJKRS1noLXviQ8=
github.com/oasisprotocol/curve25519-voi v0.0.0-20230904125328-1f23a7beb09a h1:dlRvE5fWabOchtH7znfiFCcOvmIYgOeAS5ifBXBlh9Q=
github.com/oasisprotocol/curve25519-voi v0.0.0-20230904125328-1f23a7beb09a/go.mod h1:hVoHR2EVESiICEMbg137etN/Lx+lSrHPTD39Z/uE+2s=
github.com/oasisprotocol/deoxysii v0.0.0-20220228165953-2091330c22b7 h1:1102pQc2SEPp5+xrS26wEaeb26sZy6k9/ZXlZN+eXE4=
github.com/oasisprotocol/deoxysii v0.0.0-20220228165953-2091330c22b7/go.mod h1:UqoUn6cHESlliMhOnKLWr+CBH+e3bazUPvFj1XZwAjs=
github.com/pkg/errors v0.9.1 h1:FEBLx1zS214owpjy7qsBeixbURkuhQAwrK5UwLGTwt4=
github.com/pkg/errors v0.9.1/go.mod h1:bwawxfHBFNV+L2hUp1rHADufV3IMtnDRdf1r5NINEl0=
github.com/pmezard/go-difflib v1.0.0 h1:4DBwDE0NGyQoBHbLQYPwSUPoCMWR5BEzIk/f1lZbAQM=
github.com/pmezard/go-difflib v1.0.0/go.mod h1:iKH77koFhYxTK1pcRnkKkqfTogsbg7gZNVY4sRDYZ/4=
github.com/rfjakob/eme v1.1.2 h1:SxziR8msSOElPayZNFfQw4Tjx/Sbaeeh3eRvrHVMUs4=
github.com/rfjakob/eme v1.1.2/go.mod h1:cVvpasglm/G3ngEfcfT/Wt0GwhkuO32pf/poW6Nyk1k=
github.com/rivo/uniseg v0.1.0/go.mod h1:J6wj4VEh+S6ZtnVlnTBMWIodfgj8LQOQFoIToxlJtxc=
github.com/rivo/uniseg v0.2.0/go.mod h1:J6wj4VEh+S6ZtnVlnTBMWIodfgj8LQOQFoIToxlJtxc=
github.com/rivo/uniseg v0.4.7 h1:WUdvkW8uEhrYfLC4ZzdpI2ztxP1I582+49Oc5Mq64VQ=
github.com/rivo/uniseg v0.4.7/go.mod h1:FN3SvrM+Zdj16jyLfmOkMNblXMcoc8DfTHruCPUcx88=
github.com/spf13/jwalterweatherman v1.1.0 h1:ue6voC5bR5F8YxI5S67j9i582FU4Qvo2bmqnqMYADFk=
github.com/spf13/jwalterweatherman v1.1.0/go.mod h1:aNWZUN0dPAAO/Ljvb5BEdw96iTZ0EXowPYD95IqWIGo=
github.com/stretchr/objx v0.1.0/go.mod h1:HFkY916IF+rwdDfMAkV7OtwuqBVzrE8GR6GFx+wExME=
github.com/stretchr/testify v1.2.2/go.mod h1:a8OnRcib4nhh0OaRAV+Yts87kKdq0PP7pXfy6kDkUVs=
github.com/stretchr/testify v1.3.0/go.mod h1:M5WIy9Dh21IEIfnGCwXGc5bZfKNJtfHm1UVUgZn+9EI=
github.com/stretchr/testify v1.4.0/go.mod h1:j7eGeouHqKxXV5pUuKE4zz7dFj8WfuZ+81PSLYec5m4=
github.com/stretchr/testify v1.9.0 h1:HtqpIVDClZ4nwg75+f6Lvsy/wHu+3BoSGCbBAcpTsTg=
github.com/stretchr/testify v1.9.0/go.mod h1:r2ic/lqez/lEtzL7wO/rwa5dbSLXVDPFyf8C91i36aY=
github.com/x448/float16 v0.8.4 h1:qLwI1I70+NjRFUR3zs1JPUCgaCXSh3SW62uAKT1mSBM=
github.com/x448/float16 v0.8.4/go.mod h1:14CWIYCyZA/cWjXOioeEpHeN/83MdbZDRQHoFcYsOfg=
gitlab.com/elixxir/crypto v0.0.9 h1:vt7+yRvGd/G9VtpQCaXa7EKPmHTgThf2hXbzZ1vlU6I=
gitlab.com/elixxir/crypto v0.0.9/go.mod h1:KV3F+kO0VVusLIKPqSKMk4HZ4yQiS12SaIsOXg9LJb0=
gitlab.com/xx_network/crypto v0.0.6 h1:+C44rBhclcbWrGa5EOic5yDF3NrXAbXScCb/mXmm3Ro=
gitlab.com/xx_network/crypto v0.0.6/go.mod h1:C69/+XTiqJvKkYzcyA47+LdxvAofl9AzR/Nyo36y9hs=
gitlab.com/yawning/aez.git v0.0.0-20211027044916-e49e68abd344 h1:eICJMpqnDkO4nQv+GWtXcE45CFum/ni3jhcE+acBjQk=
gitlab.com/yawning/aez.git v0.0.0-20211027044916-e49e68abd344/go.mod h1:/WDFxZLKGy+NQc+nqvQg2O0rW1HeWNHSelVv5fwEL8s=
gitlab.com/yawning/bsaes.git v0.0.0-20190805113838-0a714cd429ec h1:FpfFs4EhNehiVfzQttTuxanPIT43FtkkCFypIod8LHo=
gitlab.com/yawning/bsaes.git v0.0.0-20190805113838-0a714cd429ec/go.mod h1:BZ1RAoRPbCxum9Grlv5aeksu2H8BiKehBYooU2LFiOQ=
gitlab.com/yawning/x448.git v0.0.0-20221003101044-617eb9b7d9b7 h1:ITrNVw6uSwSdEap0RR4us4RV1CHPBHvBZApENRcDk3c=
gitlab.com/yawning/x448.git v0.0.0-20221003101044-617eb9b7d9b7/go.mod h1:BC2R0OW0tAYTMNLB4UMXwkk7WKokoDZP5n73hyLPyCo=
go.etcd.io/bbolt v1.3.8 h1:xs88BrvEv273UsB79e0hcVrlUWmS0a8upikMFhSyAtA=
go.etcd.io/bbolt v1.3.8/go.mod h1:N9Mkw9X8x5fupy0IKsmuqVtoGDyxsaDlbk4Rd05IAQw=
golang.org/x/crypto v0.0.0-20210513122933-cd7d49e622d5/go.mod h1:P+XmwS30IXTQdn5tA2iutPOUgjI07+tq3H3K9MVA1s8=
golang.org/x/crypto v0.21.0 h1:X31++rzVUdKhX5sWmSOFZxx8UW/ldWx55cbf08iNAMA=
golang.org/x/crypto v0.21.0/go.mod h1:0BP7YvVV9gBbVKyeTG0Gyn+gZm94bibOW5BjDEYAOMs=
golang.org/x/exp v0.0.0-20231006140011-7918f672742d h1:jtJma62tbqLibJ5sFQz8bKtEM8rJBtfilJ2qTU199MI=
golang.org/x/exp v0.0.0-20231006140011-7918f672742d/go.mod h1:ldy0pHrwJyGW56pPQzzkH36rKxoZW1tw7ZJpeKx+hdo=
golang.org/x/net v0.0.0-20210226172049-e18ecbb05110/go.mod h1:m0MpNAwzfU5UDzcl9v0D8zg8gWTRqZa9RBIspLL5mdg=
golang.org/x/net v0.0.0-20210510120150-4163338589ed/go.mod h1:9nx3DQGgdP8bBQD5qxJ1jj9UTztislL4KSBs9R2vV5Y=
golang.org/x/net v0.23.0 h1:7EYJ93RZ9vYSZAIb2x3lnuvqO5zneoD6IvWjuhfxjTs=
golang.org/x/net v0.23.0/go.mod h1:JKghWKKOSdJwpW2GEx0Ja7fmaKnMsbu+MWVZTokSYmg=
golang.org/x/sys v0.0.0-20190804053845-51ab0e2deafa/go.mod h1:h1NjWce9XRLGQEsW7wpKNCjG9DtNlClVuFLEZdDNbEs=
golang.org/x/sys v0.0.0-20190902133755-9109b7679e13/go.mod h1:h1NjWce9XRLGQEsW7wpKNCjG9DtNlClVuFLEZdDNbEs=
golang.org/x/sys v0.0.0-20201119102817-f84b799fce68/go.mod h1:h1NjWce9XRLGQEsW7wpKNCjG9DtNlClVuFLEZdDNbEs=
golang.org/x/sys v0.0.0-20210423082822-04245dca01da/go.mod h1:h1NjWce9XRLGQEsW7wpKNCjG9DtNlClVuFLEZdDNbEs=
golang.org/x/sys v0.1.0/go.mod h1:oPkhp1MJrh7nUepCBck5+mAzfO9JrbApNNgaTdGDITg=
golang.org/x/sys v0.6.0/go.mod h1:oPkhp1MJrh7nUepCBck5+mAzfO9JrbApNNgaTdGDITg=
golang.org/x/sys v0.18.0 h1:DBdB3niSjOA/O0blCZBqDefyWNYveAYMNF1Wum0DYQ4=
golang.org/x/sys v0.18.0/go.mod h1:/VUhepiaJMQUp4+oa/7Zr1D23ma6VTLIYjOOTFZPUcA=
golang.org/x/term v0.0.0-20201126162022-7de9c90e9dd1/go.mod h1:bj7SfCRtBDWHUb9snDiAeCFNEtKQo2Wmx5Cou7ajbmo=
golang.org/x/text v0.3.3/go.mod h1:5Zoc/QRtKVWzQhOtBMvqHzDpF6irO9z98xDceosuGiQ=
golang.org/x/text v0.3.6/go.mod h1:5Zoc/QRtKVWzQhOtBMvqHzDpF6irO9z98xDceosuGiQ=
golang.org/x/text v0.14.0 h1:ScX5w1eTa3QqT8oi6+ziP7dTV1S2+ALU0bI+0zXKWiQ=
golang.org/x/text v0.14.0/go.mod h1:18ZOQIKpY8NJVqYksKHtTdi31H5itFRjB5/qKTNYzSU=
golang.org/x/tools v0.0.0-20180917221912-90fa682c2a6e/go.mod h1:n7NCudcB/nEzxVGmLbDWY5pfWTLqBcC2KZ6jyYvM4mQ=
gopkg.in/check.v1 v0.0.0-20161208181325-20d25e280405/go.mod h1:Co6ibVJAznAaIkqp8huTwlJQCZ016jof/cbN4VW5Yz0=
gopkg.in/op/go-logging.v1 v1.0.0-20160211212156-b2cb9fa56473 h1:6D+BvnJ/j6e222UW8s2qTSe3wGBtvo0MbVQG/c5k8RE=
gopkg.in/op/go-logging.v1 v1.0.0-20160211212156-b2cb9fa56473/go.mod h1:N1eN2tsCx0Ydtgjl4cqmbRCsY4/+z4cYDeqwZTk6zog=
gopkg.in/yaml.v2 v2.2.2/go.mod h1:hI93XBmqTisBFMUTm0b8Fm+jr3Dg1NNxqwp+5A1VGuI=
gopkg.in/yaml.v3 v3.0.1 h1:fxVm/GzAzEWqLHuvctI91KS9hhNmmWOoWu0XTYJS7CA=
gopkg.in/yaml.v3 v3.0.1/go.mod h1:K4uyk7z7BCEPqu6E+C64Yfv1cQ7kz7rIZviUmN+EgEM=
